{
  "version": 4,
  "terraform_version": "1.5.6",
  "serial": 79,
  "lineage": "c3b048e7-572f-ee05-1414-710219fdd57e",
  "outputs": {
    "nome_pet01": {
      "value": [
        "great-oriole",
        "uncommon-grubworm",
        "powerful-griffon",
        "humorous-crab"
      ],
      "type": [
        "tuple",
        [
          "string",
          "string",
          "string",
          "string"
        ]
      ]
    },
    "nome_pet02": {
      "value": [
        "in-asp",
        "apparent-woodcock",
        "warm-lizard",
        "star-moray"
      ],
      "type": [
        "tuple",
        [
          "string",
          "string",
          "string",
          "string"
        ]
      ]
    }
  },
  "resources": [
    {
      "module": "module.pets[0]",
      "mode": "managed",
      "type": "local_file",
      "name": "arquivo",
      "provider": "provider[\"registry.terraform.io/hashicorp/local\"]",
      "instances": [
        {
          "schema_version": 0,
          "attributes": {
            "content": "great-oriole",
            "content_base64": null,
            "content_base64sha256": "hCT7QjaUfouM2uszl4jIiYuuSRPIH5K5mjdyjkwmmng=",
            "content_base64sha512": "MhLnraiqVcXgI9zYNh4muJFLjazXahcjvOcXnty/HZmoM2M0bkEjElAPa1p1fpxJBRLAdHJ96psedalM7J5qXw==",
            "content_md5": "7c97bf97b82ab91bd1453a49c47b06f8",
            "content_sha1": "0d74842ddcaa74c8bc52b0b146ccbd960b01d892",
            "content_sha256": "8424fb4236947e8b8cdaeb339788c8898bae4913c81f92b99a37728e4c269a78",
            "content_sha512": "3212e7ada8aa55c5e023dcd8361e26b8914b8dacd76a1723bce7179edcbf1d99a83363346e412312500f6b5a757e9c490512c074727dea9b1e75a94cec9e6a5f",
            "directory_permission": "0777",
            "file_permission": "0777",
            "filename": "teste_arquvo-0-arquivo.txt",
            "id": "0d74842ddcaa74c8bc52b0b146ccbd960b01d892",
            "sensitive_content": null,
            "source": null
          },
          "sensitive_attributes": [],
          "dependencies": [
            "module.pets.random_pet.pet01"
          ]
        }
      ]
    },
    {
      "module": "module.pets[0]",
      "mode": "managed",
      "type": "local_file",
      "name": "outro_arquivo",
      "provider": "provider[\"registry.terraform.io/hashicorp/local\"]",
      "instances": [
        {
          "schema_version": 0,
          "attributes": {
            "content": "in-asp",
            "content_base64": null,
            "content_base64sha256": "r7X2woxzGKZrsSeRxnt1xKxaKa5sA9Bnff2Fr8qqhEY=",
            "content_base64sha512": "50k9K6gh8vCJJhWmxbKU81/+iIv4UfmquPia7br4qOesZa3MUudwXlh432DH9tVYLbZLNlKpnjXbLfVj10B97A==",
            "content_md5": "12ab15b01bc0206838a3c1c3a062685d",
            "content_sha1": "7f4b46ae3b97cbfd7ecfa47c44aeafc694052506",
            "content_sha256": "afb5f6c28c7318a66bb12791c67b75c4ac5a29ae6c03d0677dfd85afcaaa8446",
            "content_sha512": "e7493d2ba821f2f0892615a6c5b294f35ffe888bf851f9aab8f89aedbaf8a8e7ac65adcc52e7705e5878df60c7f6d5582db64b3652a99e35db2df563d7407dec",
            "directory_permission": "0777",
            "file_permission": "0777",
            "filename": "teste_arquvo-0-outro_arquivo.txt",
            "id": "7f4b46ae3b97cbfd7ecfa47c44aeafc694052506",
            "sensitive_content": null,
            "source": null
          },
          "sensitive_attributes": [],
          "dependencies": [
            "module.pets.random_pet.pet02"
          ]
        }
      ]
    },
    {
      "module": "module.pets[0]",
      "mode": "managed",
      "type": "random_pet",
      "name": "pet01",
      "provider": "provider[\"registry.terraform.io/hashicorp/random\"]",
      "instances": [
        {
          "schema_version": 0,
          "attributes": {
            "id": "great-oriole",
            "keepers": null,
            "length": 2,
            "prefix": null,
            "separator": "-"
          },
          "sensitive_attributes": []
        }
      ]
    },
    {
      "module": "module.pets[0]",
      "mode": "managed",
      "type": "random_pet",
      "name": "pet02",
      "provider": "provider[\"registry.terraform.io/hashicorp/random\"]",
      "instances": [
        {
          "schema_version": 0,
          "attributes": {
            "id": "in-asp",
            "keepers": null,
            "length": 2,
            "prefix": null,
            "separator": "-"
          },
          "sensitive_attributes": []
        }
      ]
    },
    {
      "module": "module.pets[1]",
      "mode": "managed",
      "type": "local_file",
      "name": "arquivo",
      "provider": "provider[\"registry.terraform.io/hashicorp/local\"]",
      "instances": [
        {
          "schema_version": 0,
          "attributes": {
            "content": "uncommon-grubworm",
            "content_base64": null,
            "content_base64sha256": "MoBj7QniFFOQZoNr5qQT5KFTuN7w2N2YGAjL77p0MVc=",
            "content_base64sha512": "+6Xm1HTpHble+zqME+56ahbgFl1ljRicKxDQ0X0bM2p7PxP3qHS8v3Tfw9HAI17KrCaI3lUqqiHp0efNEQ0CAQ==",
            "content_md5": "caf43a6965169e5c097a76ec5e3ce4e9",
            "content_sha1": "e16c39fda0f766fd5f69a030a92e6efa360f7eb9",
            "content_sha256": "328063ed09e214539066836be6a413e4a153b8def0d8dd981808cbefba743157",
            "content_sha512": "fba5e6d474e91db95efb3a8c13ee7a6a16e0165d658d189c2b10d0d17d1b336a7b3f13f7a874bcbf74dfc3d1c0235ecaac2688de552aaa21e9d1e7cd110d0201",
            "directory_permission": "0777",
            "file_permission": "0777",
            "filename": "teste_arquvo-1-arquivo.txt",
            "id": "e16c39fda0f766fd5f69a030a92e6efa360f7eb9",
            "sensitive_content": null,
            "source": null
          },
          "sensitive_attributes": [],
          "dependencies": [
            "module.pets.random_pet.pet01"
          ]
        }
      ]
    },
    {
      "module": "module.pets[1]",
      "mode": "managed",
      "type": "local_file",
      "name": "outro_arquivo",
      "provider": "provider[\"registry.terraform.io/hashicorp/local\"]",
      "instances": [
        {
          "schema_version": 0,
          "attributes": {
            "content": "apparent-woodcock",
            "content_base64": null,
            "content_base64sha256": "Ku1ySucIFaUdNndHoVABgC4J7qwswKCyf+iBSztxdRg=",
            "content_base64sha512": "xEb3S3OIKyUd/rNkkwBEjUxT84seQi+KPd4pwp8dvSNPxmg1Bdwa3vtgq6IkoNKhZ3MFYci2q9UbeUSjLrMXQA==",
            "content_md5": "4fc50221057184b4893fff9298fd824b",
            "content_sha1": "7b2edcc2a39fc3945e7e6f640102b66771bc5362",
            "content_sha256": "2aed724ae70815a51d367747a15001802e09eeac2cc0a0b27fe8814b3b717518",
            "content_sha512": "c446f74b73882b251dfeb3649300448d4c53f38b1e422f8a3dde29c29f1dbd234fc6683505dc1adefb60aba224a0d2a167730561c8b6abd51b7944a32eb31740",
            "directory_permission": "0777",
            "file_permission": "0777",
            "filename": "teste_arquvo-1-outro_arquivo.txt",
            "id": "7b2edcc2a39fc3945e7e6f640102b66771bc5362",
            "sensitive_content": null,
            "source": null
          },
          "sensitive_attributes": [],
          "dependencies": [
            "module.pets.random_pet.pet02"
          ]
        }
      ]
    },
    {
      "module": "module.pets[1]",
      "mode": "managed",
      "type": "random_pet",
      "name": "pet01",
      "provider": "provider[\"registry.terraform.io/hashicorp/random\"]",
      "instances": [
        {
          "schema_version": 0,
          "attributes": {
            "id": "uncommon-grubworm",
            "keepers": null,
            "length": 2,
            "prefix": null,
            "separator": "-"
          },
          "sensitive_attributes": []
        }
      ]
    },
    {
      "module": "module.pets[1]",
      "mode": "managed",
      "type": "random_pet",
      "name": "pet02",
      "provider": "provider[\"registry.terraform.io/hashicorp/random\"]",
      "instances": [
        {
          "schema_version": 0,
          "attributes": {
            "id": "apparent-woodcock",
            "keepers": null,
            "length": 2,
            "prefix": null,
            "separator": "-"
          },
          "sensitive_attributes": []
        }
      ]
    },
    {
      "module": "module.pets[2]",
      "mode": "managed",
      "type": "local_file",
      "name": "arquivo",
      "provider": "provider[\"registry.terraform.io/hashicorp/local\"]",
      "instances": [
        {
          "schema_version": 0,
          "attributes": {
            "content": "powerful-griffon",
            "content_base64": null,
            "content_base64sha256": "JtXymEVaL4fysIoxS42sk8bvZ6tzUGXzaOY4cL8cqII=",
            "content_base64sha512": "exmiP/H5YSnVot+hrwOVUYew4jfVVBQyAtCur4mQFL/mZCpZxYz2uzbVytnn32AAntrBN7XagajQtNov210HdQ==",
            "content_md5": "4eeae8cd819b941700647e4883737d3b",
            "content_sha1": "19c49aefd63b43efc0363729e25dd9cdffdd02c2",
            "content_sha256": "26d5f298455a2f87f2b08a314b8dac93c6ef67ab735065f368e63870bf1ca882",
            "content_sha512": "7b19a23ff1f96129d5a2dfa1af03955187b0e237d554143202d0aeaf899014bfe6642a59c58cf6bb36d5cad9e7df60009edac137b5da81a8d0b4da2fdb5d0775",
            "directory_permission": "0777",
            "file_permission": "0777",
            "filename": "teste_arquvo-2-arquivo.txt",
            "id": "19c49aefd63b43efc0363729e25dd9cdffdd02c2",
            "sensitive_content": null,
            "source": null
          },
          "sensitive_attributes": [],
          "dependencies": [
            "module.pets.random_pet.pet01"
          ]
        }
      ]
    },
    {
      "module": "module.pets[2]",
      "mode": "managed",
      "type": "local_file",
      "name": "outro_arquivo",
      "provider": "provider[\"registry.terraform.io/hashicorp/local\"]",
      "instances": [
        {
          "schema_version": 0,
          "attributes": {
            "content": "warm-lizard",
            "content_base64": null,
            "content_base64sha256": "Xo17+wF3s3+rpFDs8OeyuJsoW7/S71aNOXyaBIsVvd0=",
            "content_base64sha512": "cTKin1vA3d2YWePu3gthwhJ+aI0+wZUZbmNGEqjhkxMqdjkeNPys/3xhDXTN7PVUfoM//BTe6s2oa1I6ob1LdA==",
            "content_md5": "9b75a80087a035f7cdc3bd8773f0567b",
            "content_sha1": "e6f518fd601a0574d0285af041d575ced4e8fdb0",
            "content_sha256": "5e8d7bfb0177b37faba450ecf0e7b2b89b285bbfd2ef568d397c9a048b15bddd",
            "content_sha512": "7132a29f5bc0dddd9859e3eede0b61c2127e688d3ec195196e634612a8e193132a76391e34fcacff7c610d74cdecf5547e833ffc14deeacda86b523aa1bd4b74",
            "directory_permission": "0777",
            "file_permission": "0777",
            "filename": "teste_arquvo-2-outro_arquivo.txt",
            "id": "e6f518fd601a0574d0285af041d575ced4e8fdb0",
            "sensitive_content": null,
            "source": null
          },
          "sensitive_attributes": [],
          "dependencies": [
            "module.pets.random_pet.pet02"
          ]
        }
      ]
    },
    {
      "module": "module.pets[2]",
      "mode": "managed",
      "type": "random_pet",
      "name": "pet01",
      "provider": "provider[\"registry.terraform.io/hashicorp/random\"]",
      "instances": [
        {
          "schema_version": 0,
          "attributes": {
            "id": "powerful-griffon",
            "keepers": null,
            "length": 2,
            "prefix": null,
            "separator": "-"
          },
          "sensitive_attributes": []
        }
      ]
    },
    {
      "module": "module.pets[2]",
      "mode": "managed",
      "type": "random_pet",
      "name": "pet02",
      "provider": "provider[\"registry.terraform.io/hashicorp/random\"]",
      "instances": [
        {
          "schema_version": 0,
          "attributes": {
            "id": "warm-lizard",
            "keepers": null,
            "length": 2,
            "prefix": null,
            "separator": "-"
          },
          "sensitive_attributes": []
        }
      ]
    },
    {
      "module": "module.pets[3]",
      "mode": "managed",
      "type": "local_file",
      "name": "arquivo",
      "provider": "provider[\"registry.terraform.io/hashicorp/local\"]",
      "instances": [
        {
          "schema_version": 0,
          "attributes": {
            "content": "humorous-crab",
            "content_base64": null,
            "content_base64sha256": "ulJ5muajASYRMfv/hDJZELjjAHe8ENJy8XfsVc1mlc4=",
            "content_base64sha512": "SJ/zFq/DYJSZG6BIanRupqX0STieR5IjhXb2r4smc7WwGC2BGQno3Z5Qdssryve0TRcVpKi5Tf61oJo3kV+Scw==",
            "content_md5": "c06ddc5369aa3531003c7b10b8f526d7",
            "content_sha1": "7b249b58371279b1853694afe5529e2b7e2c013b",
            "content_sha256": "ba52799ae6a301261131fbff84325910b8e30077bc10d272f177ec55cd6695ce",
            "content_sha512": "489ff316afc36094991ba0486a746ea6a5f449389e4792238576f6af8b2673b5b0182d811909e8dd9e5076cb2bcaf7b44d1715a4a8b94dfeb5a09a37915f9273",
            "directory_permission": "0777",
            "file_permission": "0777",
            "filename": "teste_arquvo-3-arquivo.txt",
            "id": "7b249b58371279b1853694afe5529e2b7e2c013b",
            "sensitive_content": null,
            "source": null
          },
          "sensitive_attributes": [],
          "dependencies": [
            "module.pets.random_pet.pet01"
          ]
        }
      ]
    },
    {
      "module": "module.pets[3]",
      "mode": "managed",
      "type": "local_file",
      "name": "outro_arquivo",
      "provider": "provider[\"registry.terraform.io/hashicorp/local\"]",
      "instances": [
        {
          "schema_version": 0,
          "attributes": {
            "content": "star-moray",
            "content_base64": null,
            "content_base64sha256": "Tfp36IsHJuynQRcg6MrEddbJbHoXA/5Boirn4W7RqHQ=",
            "content_base64sha512": "Yh5hq9fxPaKYi6Pk7K0t72EXEHNzXxHMylkFndCePAf1Yx3ncfqoRvBDimOVXLJ97LUD2ocWsZ3iSBzi2Ve40Q==",
            "content_md5": "16537bb2e8fe3af6fd270eebcc9eb08f",
            "content_sha1": "18923bd6887743be7ae6b15782f3850c053ad8c0",
            "content_sha256": "4dfa77e88b0726eca7411720e8cac475d6c96c7a1703fe41a22ae7e16ed1a874",
            "content_sha512": "621e61abd7f13da2988ba3e4ecad2def61171073735f11ccca59059dd09e3c07f5631de771faa846f0438a63955cb27decb503da8716b19de2481ce2d957b8d1",
            "directory_permission": "0777",
            "file_permission": "0777",
            "filename": "teste_arquvo-3-outro_arquivo.txt",
            "id": "18923bd6887743be7ae6b15782f3850c053ad8c0",
            "sensitive_content": null,
            "source": null
          },
          "sensitive_attributes": [],
          "dependencies": [
            "module.pets.random_pet.pet02"
          ]
        }
      ]
    },
    {
      "module": "module.pets[3]",
      "mode": "managed",
      "type": "random_pet",
      "name": "pet01",
      "provider": "provider[\"registry.terraform.io/hashicorp/random\"]",
      "instances": [
        {
          "schema_version": 0,
          "attributes": {
            "id": "humorous-crab",
            "keepers": null,
            "length": 2,
            "prefix": null,
            "separator": "-"
          },
          "sensitive_attributes": []
        }
      ]
    },
    {
      "module": "module.pets[3]",
      "mode": "managed",
      "type": "random_pet",
      "name": "pet02",
      "provider": "provider[\"registry.terraform.io/hashicorp/random\"]",
      "instances": [
        {
          "schema_version": 0,
          "attributes": {
            "id": "star-moray",
            "keepers": null,
            "length": 2,
            "prefix": null,
            "separator": "-"
          },
          "sensitive_attributes": []
        }
      ]
    }
  ],
  "check_results": null
}
