{
  "version": 4,
  "terraform_version": "1.5.6",
  "serial": 40,
  "lineage": "b9836cc9-d175-d807-7ea8-b199d8b2398e",
  "outputs": {},
  "resources": [
    {
      "mode": "managed",
      "type": "local_file",
      "name": "exemplo",
      "provider": "provider[\"registry.terraform.io/hashicorp/local\"]",
      "instances": [
        {
          "schema_version": 0,
          "attributes": {
            "content": "kubernetes, Terraform, Jenkins",
            "content_base64": null,
            "content_base64sha256": "2vOIvRzDa+kKpTqMFQBrb1ZMPNUS59NuzotSBQKl8hU=",
            "content_base64sha512": "wRSbxXdprnEf5bqgfDLtzuFykAVQHS0OUFZ/Bu+GOaruHQEDRRgBZMV1c+HmvBmHGoywDSHMDH/XFo7cuDkE1g==",
            "content_md5": "e859da6ae04f0a7f6e262daef3d4cf25",
            "content_sha1": "f93dce92c794167ba35ee8f46cf20210183ecdeb",
            "content_sha256": "daf388bd1cc36be90aa53a8c15006b6f564c3cd512e7d36ece8b520502a5f215",
            "content_sha512": "c1149bc57769ae711fe5baa07c32edcee1729005501d2d0e50567f06ef8639aaee1d010345180164c57573e1e6bc19871a8cb00d21cc0c7fd7168edcb83904d6",
            "directory_permission": "0777",
            "file_permission": "0777",
            "filename": "arquivo.txt",
            "id": "f93dce92c794167ba35ee8f46cf20210183ecdeb",
            "sensitive_content": null,
            "source": null
          },
          "sensitive_attributes": []
        }
      ]
    }
  ],
  "check_results": null
}
