{
  "version": 4,
  "terraform_version": "1.5.6",
  "serial": 105,
  "lineage": "607202ea-dc44-03e2-e325-cbac6e031d51",
  "outputs": {},
  "resources": [
    {
      "mode": "managed",
      "type": "random_pet",
      "name": "pets",
      "provider": "provider[\"registry.terraform.io/hashicorp/random\"]",
      "instances": [
        {
          "index_key": 0,
          "schema_version": 0,
          "attributes": {
            "id": "choice-jackass",
            "keepers": null,
            "length": 2,
            "prefix": null,
            "separator": "-"
          },
          "sensitive_attributes": []
        },
        {
          "index_key": 1,
          "schema_version": 0,
          "attributes": {
            "id": "maximum-osprey",
            "keepers": null,
            "length": 2,
            "prefix": null,
            "separator": "-"
          },
          "sensitive_attributes": []
        },
        {
          "index_key": 2,
          "schema_version": 0,
          "attributes": {
            "id": "careful-camel",
            "keepers": null,
            "length": 2,
            "prefix": null,
            "separator": "-"
          },
          "sensitive_attributes": []
        },
        {
          "index_key": 3,
          "schema_version": 0,
          "attributes": {
            "id": "delicate-flamingo",
            "keepers": null,
            "length": 2,
            "prefix": null,
            "separator": "-"
          },
          "sensitive_attributes": []
        }
      ]
    }
  ],
  "check_results": null
}
