{
  "version": 4,
  "terraform_version": "1.5.6",
  "serial": 137,
  "lineage": "962ac1fa-0b1e-83f9-d8ff-d64ada669a3a",
  "outputs": {},
  "resources": [
    {
      "mode": "managed",
      "type": "local_file",
      "name": "arquivo",
      "provider": "provider[\"registry.terraform.io/hashicorp/local\"]",
      "instances": [
        {
          "index_key": "Maquina01",
          "schema_version": 0,
          "attributes": {
            "content": "Conteúdo do arquivo  - Maquina01",
            "content_base64": null,
            "content_base64sha256": "nvck5D+YRKP/GyFM0yslOPhDjHmRcVBPCCVG6uZpOyg=",
            "content_base64sha512": "FR4+9EKBC0nssSxhWlOA8lr0IKN3NX2Q1q+UbLhQvFNK/toxrV4/Ba/yW7NgANiQCbIV4f3p5POX2+yB/fKLcQ==",
            "content_md5": "9f1970447032b55d099db3b1d998be9a",
            "content_sha1": "14c8e86679c9fdcd3fa47116e8f5f429ba3402f0",
            "content_sha256": "9ef724e43f9844a3ff1b214cd32b2538f8438c799171504f082546eae6693b28",
            "content_sha512": "151e3ef442810b49ecb12c615a5380f25af420a377357d90d6af946cb850bc534afeda31ad5e3f05aff25bb36000d89009b215e1fde9e4f397dbec81fdf28b71",
            "directory_permission": "0777",
            "file_permission": "0777",
            "filename": "./arquivo-Maquina01.txt",
            "id": "14c8e86679c9fdcd3fa47116e8f5f429ba3402f0",
            "sensitive_content": null,
            "source": null
          },
          "sensitive_attributes": []
        },
        {
          "index_key": "Maquina02",
          "schema_version": 0,
          "attributes": {
            "content": "Conteúdo do arquivo  - Maquina02",
            "content_base64": null,
            "content_base64sha256": "KlRjEtP4Oo53WYDUE74iKLqLHWyfrwG0//Npsg8l6fc=",
            "content_base64sha512": "g0+nC1jYEJdt980e5Obz7FVjAwslxpaOqDLeTzD4IRJXLDQhrQ9FZhRdbIGKjCmTokaXCOJYMOUgQVVgHfVQKg==",
            "content_md5": "10a8dd49aa5a6c423c387a1e0cf85d2a",
            "content_sha1": "603602514bba72928acd2e0924c0231f6dbac9b1",
            "content_sha256": "2a546312d3f83a8e775980d413be2228ba8b1d6c9faf01b4fff369b20f25e9f7",
            "content_sha512": "834fa70b58d810976df7cd1ee4e6f3ec5563030b25c6968ea832de4f30f82112572c3421ad0f4566145d6c818a8c2993a2469708e25830e5204155601df5502a",
            "directory_permission": "0777",
            "file_permission": "0777",
            "filename": "./arquivo-Maquina02.txt",
            "id": "603602514bba72928acd2e0924c0231f6dbac9b1",
            "sensitive_content": null,
            "source": null
          },
          "sensitive_attributes": []
        },
        {
          "index_key": "Maquina03",
          "schema_version": 0,
          "attributes": {
            "content": "Conteúdo do arquivo  - Maquina03",
            "content_base64": null,
            "content_base64sha256": "fPzZbW32UVHuw0JWLt6cwzs9id9jd7XFVsmX+xscISo=",
            "content_base64sha512": "6CsMsA6dtWZA07zqeZv5JGDANGwh5v4rU22eTFRp6r2beaMkmDgdZBZ2j66zGFkExxzyJJihE+emWRW1/rhfLQ==",
            "content_md5": "fb7f9ef0931e604ebee816828ea81c68",
            "content_sha1": "176f02fa117d104c9c8baabcf0ddf9ffa127375b",
            "content_sha256": "7cfcd96d6df65151eec342562ede9cc33b3d89df6377b5c556c997fb1b1c212a",
            "content_sha512": "e82b0cb00e9db56640d3bcea799bf92460c0346c21e6fe2b536d9e4c5469eabd9b79a32498381d6416768faeb3185904c71cf22498a113e7a65915b5feb85f2d",
            "directory_permission": "0777",
            "file_permission": "0777",
            "filename": "./arquivo-Maquina03.txt",
            "id": "176f02fa117d104c9c8baabcf0ddf9ffa127375b",
            "sensitive_content": null,
            "source": null
          },
          "sensitive_attributes": []
        }
      ]
    }
  ],
  "check_results": null
}
