{
  "version": 4,
  "terraform_version": "1.5.6",
  "serial": 123,
  "lineage": "962ac1fa-0b1e-83f9-d8ff-d64ada669a3a",
  "outputs": {},
  "resources": [
    {
      "mode": "managed",
      "type": "local_file",
      "name": "arquivo",
      "provider": "provider[\"registry.terraform.io/hashicorp/local\"]",
      "instances": [
        {
          "index_key": 0,
          "schema_version": 0,
          "attributes": {
            "content": "Conteúdo do arquivo  - 0",
            "content_base64": null,
            "content_base64sha256": "DCGucDSSEo7EvOFbRqPDCMQN2P0jwn8bnylS8hP/TRc=",
            "content_base64sha512": "4ZyzvVCOOEoRjkVpa9gD7N51WKUuGSHSCVRTvoX6e22XoO781db02IrxsOuSnlVzYYLg4vmYMjazheRS2cATxA==",
            "content_md5": "2ec0a1f5dfd935f5f8df6a81060baa35",
            "content_sha1": "f7a6cc1b41839bd9ccc148983c15199fcb42572d",
            "content_sha256": "0c21ae703492128ec4bce15b46a3c308c40dd8fd23c27f1b9f2952f213ff4d17",
            "content_sha512": "e19cb3bd508e384a118e45696bd803ecde7558a52e1921d2095453be85fa7b6d97a0eefcd5d6f4d88af1b0eb929e55736182e0e2f9983236b385e452d9c013c4",
            "directory_permission": "0777",
            "file_permission": "0777",
            "filename": "./arquivo-1.txt",
            "id": "f7a6cc1b41839bd9ccc148983c15199fcb42572d",
            "sensitive_content": null,
            "source": null
          },
          "sensitive_attributes": []
        },
        {
          "index_key": 1,
          "schema_version": 0,
          "attributes": {
            "content": "Conteúdo do arquivo  - 1",
            "content_base64": null,
            "content_base64sha256": "JzAggOt+rkwn/1jRzMQDV3inRp0oS5sEGFE8CUjf8Qs=",
            "content_base64sha512": "gtKn27K/CyfoRd5nkTpxDhTaZFUDbWlGoyk90stKzGN3PFqfx91bGzkii39Ak63Hxu8wT0/qoT9vUGTZqRZmEg==",
            "content_md5": "5fd1e03e2432c0a88cb2711c3164b892",
            "content_sha1": "ba30c5ae25754a6d7166e2b6ad8565706b27cf4f",
            "content_sha256": "27302080eb7eae4c27ff58d1ccc4035778a7469d284b9b0418513c0948dff10b",
            "content_sha512": "82d2a7dbb2bf0b27e845de67913a710e14da6455036d6946a3293dd2cb4acc63773c5a9fc7dd5b1b39228b7f4093adc7c6ef304f4feaa13f6f5064d9a9166612",
            "directory_permission": "0777",
            "file_permission": "0777",
            "filename": "./arquivo-2.txt",
            "id": "ba30c5ae25754a6d7166e2b6ad8565706b27cf4f",
            "sensitive_content": null,
            "source": null
          },
          "sensitive_attributes": []
        },
        {
          "index_key": 2,
          "schema_version": 0,
          "attributes": {
            "content": "Conteúdo do arquivo  - 2",
            "content_base64": null,
            "content_base64sha256": "eiUgtLknZxUnfzYgAoJLZo17tQWiU15HMaUhUlcGFek=",
            "content_base64sha512": "VQeDwfxvEZOnpyjz50SME2I10b3uEJAV/jgK6ln1mMkvD3R6hWL3QJIM/JN0umJZxVkiw8/FBZ0gFHQpOytbPA==",
            "content_md5": "45b6e9ebbd6b14e8832468bcf6c512d4",
            "content_sha1": "2acae94a801df009f583fa203544eb2327732b31",
            "content_sha256": "7a2520b4b9276715277f362002824b668d7bb505a2535e4731a52152570615e9",
            "content_sha512": "550783c1fc6f1193a7a728f3e7448c136235d1bdee109015fe380aea59f598c92f0f747a8562f740920cfc9374ba6259c55922c3cfc5059d201474293b2b5b3c",
            "directory_permission": "0777",
            "file_permission": "0777",
            "filename": "./arquivo-3.txt",
            "id": "2acae94a801df009f583fa203544eb2327732b31",
            "sensitive_content": null,
            "source": null
          },
          "sensitive_attributes": []
        },
        {
          "index_key": 3,
          "schema_version": 0,
          "attributes": {
            "content": "Conteúdo do arquivo  - 3",
            "content_base64": null,
            "content_base64sha256": "GWSy1u/sTXyWSspjkTsxjC4L8IDS5BW5Kady2bokK1k=",
            "content_base64sha512": "rsMUv6iX/7U4jWwTwcy4cR2cEztU5HHaIqRDkpjdw/G0Cspsnj22di/lBhcJCD5SKw4wPco3Wg3eXDT67XA/Sw==",
            "content_md5": "34582561af5bd168dc62c73d3dda2695",
            "content_sha1": "e359dd123d1780239d340366245777440eaa0493",
            "content_sha256": "1964b2d6efec4d7c964aca63913b318c2e0bf080d2e415b929a772d9ba242b59",
            "content_sha512": "aec314bfa897ffb5388d6c13c1ccb8711d9c133b54e471da22a4439298ddc3f1b40aca6c9e3db6762fe5061709083e522b0e303dca375a0dde5c34faed703f4b",
            "directory_permission": "0777",
            "file_permission": "0777",
            "filename": "./arquivo-4.txt",
            "id": "e359dd123d1780239d340366245777440eaa0493",
            "sensitive_content": null,
            "source": null
          },
          "sensitive_attributes": []
        },
        {
          "index_key": 4,
          "schema_version": 0,
          "attributes": {
            "content": "Conteúdo do arquivo  - 4",
            "content_base64": null,
            "content_base64sha256": "PrEpba6/3t+NtnKi9e0AFKuWFWkNF6HvqaVyecRPbQ8=",
            "content_base64sha512": "nj+ZBpf853gWIKCbT2TqH6kqSluy7yYRL1M8j73NyXsss71k7Qcrlp4R0CUmRaYiWxWd3LD/YmAprqMcd/thCA==",
            "content_md5": "4908804b5f1e568802db17c190c83607",
            "content_sha1": "c6ec27cad2be484883b53feb852b6f0d7242275c",
            "content_sha256": "3eb1296daebfdedf8db672a2f5ed0014ab9615690d17a1efa9a57279c44f6d0f",
            "content_sha512": "9e3f990697fce7781620a09b4f64ea1fa92a4a5bb2ef26112f533c8fbdcdc97b2cb3bd64ed072b969e11d0252645a6225b159ddcb0ff626029aea31c77fb6108",
            "directory_permission": "0777",
            "file_permission": "0777",
            "filename": "./arquivo-5.txt",
            "id": "c6ec27cad2be484883b53feb852b6f0d7242275c",
            "sensitive_content": null,
            "source": null
          },
          "sensitive_attributes": []
        },
        {
          "index_key": 5,
          "schema_version": 0,
          "attributes": {
            "content": "Conteúdo do arquivo  - 5",
            "content_base64": null,
            "content_base64sha256": "J2HvL0fpsRHU4zk0nQ6QZbFVouRvP7J8LKiC4khW9fg=",
            "content_base64sha512": "PgiiB3B1jUFjZoiCJwya6WDVKRvFocHaQHiIQXKv4pE/L2tHoiekd9KIRE+gvqfW4RJMNBsjo/dn48lRQhVcCw==",
            "content_md5": "d2add74be00300ce3eb8dd04aeca4fb6",
            "content_sha1": "6776f13715e013148ae2639760c96e6c0772e68c",
            "content_sha256": "2761ef2f47e9b111d4e339349d0e9065b155a2e46f3fb27c2ca882e24856f5f8",
            "content_sha512": "3e08a20770758d4163668882270c9ae960d5291bc5a1c1da4078884172afe2913f2f6b47a227a477d288444fa0bea7d6e1124c341b23a3f767e3c95142155c0b",
            "directory_permission": "0777",
            "file_permission": "0777",
            "filename": "./arquivo-6.txt",
            "id": "6776f13715e013148ae2639760c96e6c0772e68c",
            "sensitive_content": null,
            "source": null
          },
          "sensitive_attributes": []
        },
        {
          "index_key": 6,
          "schema_version": 0,
          "attributes": {
            "content": "Conteúdo do arquivo  - 6",
            "content_base64": null,
            "content_base64sha256": "JyEN/zAWT/CVEvJ4OIAVQ+zKHqfivt3XAt8iGw4A3Lc=",
            "content_base64sha512": "Qqww2Ur/yuo1umcVAFcgyi9OicB+FdbR27Hbs33UBWLvR2C+ZMr17bGuVoVicNwfzcZ/8uQk6a7tNBIsM5ubhA==",
            "content_md5": "021d266ad51d81d96e30dfb724a10d1f",
            "content_sha1": "5ef47fed3e4ea2f18ab0466094a8958ce4271110",
            "content_sha256": "27210dff30164ff09512f27838801543ecca1ea7e2beddd702df221b0e00dcb7",
            "content_sha512": "42ac30d94affcaea35ba6715005720ca2f4e89c07e15d6d1dbb1dbb37dd40562ef4760be64caf5edb1ae56856270dc1fcdc67ff2e424e9aeed34122c339b9b84",
            "directory_permission": "0777",
            "file_permission": "0777",
            "filename": "./arquivo-7.txt",
            "id": "5ef47fed3e4ea2f18ab0466094a8958ce4271110",
            "sensitive_content": null,
            "source": null
          },
          "sensitive_attributes": []
        },
        {
          "index_key": 7,
          "schema_version": 0,
          "attributes": {
            "content": "Conteúdo do arquivo  - 7",
            "content_base64": null,
            "content_base64sha256": "4vor0ZrEUZwbo+inDnWdDlIOHzHKlWidUw52IzAKyHw=",
            "content_base64sha512": "fRKDrJ1Mqov709dKm61dTb+0aG4/FjPE/GdnvFFEELUWfTFhx7f2FpEJZZKjFL0EkEEr3sgO41vIlHE9lb4d8g==",
            "content_md5": "681f2785dc5512e81a290e1c6d39744f",
            "content_sha1": "0acab20b7594d45243021ab2584c9fb0645c4089",
            "content_sha256": "e2fa2bd19ac4519c1ba3e8a70e759d0e520e1f31ca95689d530e7623300ac87c",
            "content_sha512": "7d1283ac9d4caa8bfbd3d74a9bad5d4dbfb4686e3f1633c4fc6767bc514410b5167d3161c7b7f61691096592a314bd0490412bdec80ee35bc894713d95be1df2",
            "directory_permission": "0777",
            "file_permission": "0777",
            "filename": "./arquivo-8.txt",
            "id": "0acab20b7594d45243021ab2584c9fb0645c4089",
            "sensitive_content": null,
            "source": null
          },
          "sensitive_attributes": []
        },
        {
          "index_key": 8,
          "schema_version": 0,
          "attributes": {
            "content": "Conteúdo do arquivo  - 8",
            "content_base64": null,
            "content_base64sha256": "Uo14Jh5CCuWYgCJmaWPLNhMnX+tLqMycP3/BCShIv2k=",
            "content_base64sha512": "EE5B/5QNBhX/Krb9wJSQmp4PDStqVxojULmrxsx/QgYIOGVeEQsZCqTkdFSrCKbGnhrsNgdXG9EMwr92GQyzOA==",
            "content_md5": "a67d8ee6204748637d2508631d8c9bb0",
            "content_sha1": "266c218fc133bb302107c82f853d0e2385b18efa",
            "content_sha256": "528d78261e420ae5988022666963cb3613275feb4ba8cc9c3f7fc1092848bf69",
            "content_sha512": "104e41ff940d0615ff2ab6fdc094909a9e0f0d2b6a571a2350b9abc6cc7f42060838655e110b190aa4e47454ab08a6c69e1aec3607571bd10cc2bf76190cb338",
            "directory_permission": "0777",
            "file_permission": "0777",
            "filename": "./arquivo-9.txt",
            "id": "266c218fc133bb302107c82f853d0e2385b18efa",
            "sensitive_content": null,
            "source": null
          },
          "sensitive_attributes": []
        },
        {
          "index_key": 9,
          "schema_version": 0,
          "attributes": {
            "content": "Conteúdo do arquivo  - 9",
            "content_base64": null,
            "content_base64sha256": "g9P5B49XUKe69d9fCA2Cqknr9FJS+MGFw+5/kyueyCE=",
            "content_base64sha512": "Xec4S66RHdcuJhDHadX3JgAhz6b5nQezEdPT0OJ0IZD+w0CrL59Y33kN1LPbEpqs6qwwjtDXmlJmpD+/70oU3g==",
            "content_md5": "4e6ec3832aff8dc362dd26fb5e62e1ea",
            "content_sha1": "5dedd20d98d169ab21a95f76d79fa7d607c9a25a",
            "content_sha256": "83d3f9078f5750a7baf5df5f080d82aa49ebf45252f8c185c3ee7f932b9ec821",
            "content_sha512": "5de7384bae911dd72e2610c769d5f7260021cfa6f99d07b311d3d3d0e2742190fec340ab2f9f58df790dd4b3db129aaceaac308ed0d79a5266a43fbfef4a14de",
            "directory_permission": "0777",
            "file_permission": "0777",
            "filename": "./arquivo-10.txt",
            "id": "5dedd20d98d169ab21a95f76d79fa7d607c9a25a",
            "sensitive_content": null,
            "source": null
          },
          "sensitive_attributes": []
        }
      ]
    }
  ],
  "check_results": null
}
