{
  "version": 4,
  "terraform_version": "1.5.6",
  "serial": 37,
  "lineage": "b9836cc9-d175-d807-7ea8-b199d8b2398e",
  "outputs": {},
  "resources": [
    {
      "mode": "managed",
      "type": "local_file",
      "name": "exemplo",
      "provider": "provider[\"registry.terraform.io/hashicorp/local\"]",
      "instances": [
        {
          "schema_version": 0,
          "attributes": {
            "content": "Docker",
            "content_base64": null,
            "content_base64sha256": "5haelYs3zoZigXsPPgv0UKF0dC+vxSeADmf0MHOLS2M=",
            "content_base64sha512": "AiW0JRvMbbx0vfb6u5AmWGfyKBHZT3ZIX2CRaiiFrmRjaGej2jcvFKu+7m3uAdYt+a3yyZK3L8YoqKj3KGNuIw==",
            "content_md5": "c5fd214cdd0d2b3b4272e73b022ba5c2",
            "content_sha1": "9f1141549f7c054b71516937d3febc77d991d59b",
            "content_sha256": "e6169e958b37ce8662817b0f3e0bf450a174742fafc527800e67f430738b4b63",
            "content_sha512": "0225b4251bcc6dbc74bdf6fabb90265867f22811d94f76485f60916a2885ae64636867a3da372f14abbeee6dee01d62df9adf2c992b72fc628a8a8f728636e23",
            "directory_permission": "0777",
            "file_permission": "0777",
            "filename": "arquivo.txt",
            "id": "9f1141549f7c054b71516937d3febc77d991d59b",
            "sensitive_content": null,
            "source": null
          },
          "sensitive_attributes": []
        }
      ]
    }
  ],
  "check_results": null
}
