{
  "version": 4,
  "terraform_version": "1.5.6",
  "serial": 32,
  "lineage": "9b5505cb-4b1f-f849-103c-edfe393157ea",
  "outputs": {
    "stack_lb_ip": {
      "value": "165.227.254.74",
      "type": "string"
    },
    "stack_nfs_vm_ips": {
      "value": "165.22.12.108",
      "type": "string"
    },
    "stack_wp_db_password": {
      "value": "AVNS_gMzNQUvDPNvuRfDalTW",
      "type": "string",
      "sensitive": true
    },
    "stack_wp_db_user": {
      "value": "wordpress",
      "type": "string"
    },
    "stack_wp_vm_ips": {
      "value": [
        "137.184.30.115",
        "165.22.15.244"
      ],
      "type": [
        "tuple",
        [
          "string",
          "string"
        ]
      ]
    }
  },
  "resources": [
    {
      "mode": "managed",
      "type": "digitalocean_ssh_key",
      "name": "ssh",
      "provider": "provider[\"registry.terraform.io/digitalocean/digitalocean\"]",
      "instances": [
        {
          "schema_version": 0,
          "attributes": {
            "fingerprint": "62:e5:87:c9:8d:6c:33:9c:d6:14:fa:42:5b:64:bc:b9",
            "id": "39336664",
            "name": "wp-ssh",
            "public_key": "ssh-rsa AAAAB3NzaC1yc2EAAAADAQABAAABgQDUywArgZIALJOF0yXwyZfSmqLPIXP1xvy8CMACxJyuQ6DTks/rdEzis1gsXZK0jD+x6mlT7phB0pdXCVszkgeB2sClkFy2PDyQk92j1ZPYllQoYCQKOzRYSCMm2VL1+oQAnvaVFPFupzVQWzWVdrlT8EU1u9yLiHYxHeSm/Xnk5hWqf3E6W0KscchLyxUsj+i1w2bl+YxWMOhnKRO9y5W66gRRfiP4U6+1kwROBwMqfjHEpSIoQxudljKWTtZ9PdjgnpoE9Bk6qcu3xLPV+SbLB2C/sSz5pRz68egMEqUKLP6EWNjvkpyZPzENAHDkL65trcpqBKdtZY3XqNUcrOM7ma2U+lFta1nTD3b6J/64DVWB63RVZiPkv9UCVZWFhYwdfi4dkDfbiEV5J/IHPIani89UkTKZhoTVjew2r3Z4UIeq0RsV+ZL/1/KCLHCTXihP4SkIUTHskeiVpy+MLLEr6eQJg1M7+KvvwztDDH8SOVJybAcJpE0WdV0UgtXJzUE= cuca@DESKTOP-FR0C9TQ\n"
          },
          "sensitive_attributes": [],
          "private": "bnVsbA=="
        }
      ]
    },
    {
      "module": "module.do-wp_stack",
      "mode": "managed",
      "type": "digitalocean_database_cluster",
      "name": "wp_mysql",
      "provider": "provider[\"registry.terraform.io/digitalocean/digitalocean\"]",
      "instances": [
        {
          "schema_version": 0,
          "attributes": {
            "database": "defaultdb",
            "engine": "mysql",
            "eviction_policy": null,
            "host": "wp-mysql-do-user-12184584-0.b.db.ondigitalocean.com",
            "id": "9240db50-11a2-4734-b95c-c753964a64da",
            "maintenance_window": [],
            "name": "wp-mysql",
            "node_count": 1,
            "password": "AVNS_U6kXbVZjn_gJCR2ubZP",
            "port": 25060,
            "private_host": "private-wp-mysql-do-user-12184584-0.b.db.ondigitalocean.com",
            "private_network_uuid": "0ab7caa5-c80b-4465-8440-4b98773fe09e",
            "private_uri": "mysql://doadmin:AVNS_U6kXbVZjn_gJCR2ubZP@private-wp-mysql-do-user-12184584-0.b.db.ondigitalocean.com:25060/defaultdb?ssl-mode=REQUIRED",
            "region": "nyc1",
            "size": "db-s-1vcpu-1gb",
            "sql_mode": null,
            "tags": [],
            "uri": "mysql://doadmin:AVNS_U6kXbVZjn_gJCR2ubZP@wp-mysql-do-user-12184584-0.b.db.ondigitalocean.com:25060/defaultdb?ssl-mode=REQUIRED",
            "urn": "do:dbaas:9240db50-11a2-4734-b95c-c753964a64da",
            "user": "doadmin",
            "version": "8"
          },
          "sensitive_attributes": [],
          "private": "bnVsbA==",
          "dependencies": [
            "module.do-wp_stack.digitalocean_vpc.wp_net"
          ]
        }
      ]
    },
    {
      "module": "module.do-wp_stack",
      "mode": "managed",
      "type": "digitalocean_database_db",
      "name": "wp_database",
      "provider": "provider[\"registry.terraform.io/digitalocean/digitalocean\"]",
      "instances": [
        {
          "schema_version": 0,
          "attributes": {
            "cluster_id": "9240db50-11a2-4734-b95c-c753964a64da",
            "id": "9240db50-11a2-4734-b95c-c753964a64da/database/wp-database",
            "name": "wp-database"
          },
          "sensitive_attributes": [],
          "private": "bnVsbA==",
          "dependencies": [
            "module.do-wp_stack.digitalocean_database_cluster.wp_mysql",
            "module.do-wp_stack.digitalocean_vpc.wp_net"
          ]
        }
      ]
    },
    {
      "module": "module.do-wp_stack",
      "mode": "managed",
      "type": "digitalocean_database_user",
      "name": "wp_database_user",
      "provider": "provider[\"registry.terraform.io/digitalocean/digitalocean\"]",
      "instances": [
        {
          "schema_version": 0,
          "attributes": {
            "cluster_id": "9240db50-11a2-4734-b95c-c753964a64da",
            "id": "9240db50-11a2-4734-b95c-c753964a64da/user/wordpress",
            "mysql_auth_plugin": "caching_sha2_password",
            "name": "wordpress",
            "password": "AVNS_gMzNQUvDPNvuRfDalTW",
            "role": "normal"
          },
          "sensitive_attributes": [],
          "private": "bnVsbA==",
          "dependencies": [
            "module.do-wp_stack.digitalocean_database_cluster.wp_mysql",
            "module.do-wp_stack.digitalocean_vpc.wp_net"
          ]
        }
      ]
    },
    {
      "module": "module.do-wp_stack",
      "mode": "managed",
      "type": "digitalocean_droplet",
      "name": "vm_nfs",
      "provider": "provider[\"registry.terraform.io/digitalocean/digitalocean\"]",
      "instances": [
        {
          "schema_version": 1,
          "attributes": {
            "backups": false,
            "created_at": "2023-09-08T14:01:16Z",
            "disk": 60,
            "id": "373796423",
            "image": "ubuntu-22-04-x64",
            "ipv4_address": "165.22.12.108",
            "ipv4_address_private": "10.116.16.4",
            "ipv6": false,
            "ipv6_address": "",
            "locked": false,
            "memory": 2048,
            "monitoring": false,
            "name": "vm-nfs",
            "price_hourly": 0.02679,
            "price_monthly": 18,
            "private_networking": true,
            "region": "nyc1",
            "resize_disk": true,
            "size": "s-2vcpu-2gb",
            "ssh_keys": null,
            "status": "active",
            "tags": [],
            "urn": "do:droplet:373796423",
            "user_data": null,
            "vcpus": 2,
            "volume_ids": [],
            "vpc_uuid": "0ab7caa5-c80b-4465-8440-4b98773fe09e"
          },
          "sensitive_attributes": [],
          "private": "eyJzY2hlbWFfdmVyc2lvbiI6IjEifQ==",
          "dependencies": [
            "module.do-wp_stack.digitalocean_vpc.wp_net"
          ]
        }
      ]
    },
    {
      "module": "module.do-wp_stack",
      "mode": "managed",
      "type": "digitalocean_droplet",
      "name": "vm_wp",
      "provider": "provider[\"registry.terraform.io/digitalocean/digitalocean\"]",
      "instances": [
        {
          "index_key": 0,
          "schema_version": 1,
          "attributes": {
            "backups": false,
            "created_at": "2023-09-08T14:01:16Z",
            "disk": 60,
            "id": "373796420",
            "image": "ubuntu-22-04-x64",
            "ipv4_address": "137.184.30.115",
            "ipv4_address_private": "10.116.16.2",
            "ipv6": false,
            "ipv6_address": "",
            "locked": false,
            "memory": 2048,
            "monitoring": false,
            "name": "vm-wp-1",
            "price_hourly": 0.02679,
            "price_monthly": 18,
            "private_networking": true,
            "region": "nyc1",
            "resize_disk": true,
            "size": "s-2vcpu-2gb",
            "ssh_keys": [
              "62:e5:87:c9:8d:6c:33:9c:d6:14:fa:42:5b:64:bc:b9"
            ],
            "status": "active",
            "tags": [],
            "urn": "do:droplet:373796420",
            "user_data": null,
            "vcpus": 2,
            "volume_ids": [],
            "vpc_uuid": "0ab7caa5-c80b-4465-8440-4b98773fe09e"
          },
          "sensitive_attributes": [],
          "private": "eyJzY2hlbWFfdmVyc2lvbiI6IjEifQ==",
          "dependencies": [
            "digitalocean_ssh_key.ssh",
            "module.do-wp_stack.digitalocean_vpc.wp_net"
          ]
        },
        {
          "index_key": 1,
          "schema_version": 1,
          "attributes": {
            "backups": false,
            "created_at": "2023-09-08T14:01:16Z",
            "disk": 60,
            "id": "373796421",
            "image": "ubuntu-22-04-x64",
            "ipv4_address": "165.22.15.244",
            "ipv4_address_private": "10.116.16.3",
            "ipv6": false,
            "ipv6_address": "",
            "locked": false,
            "memory": 2048,
            "monitoring": false,
            "name": "vm-wp-2",
            "price_hourly": 0.02679,
            "price_monthly": 18,
            "private_networking": true,
            "region": "nyc1",
            "resize_disk": true,
            "size": "s-2vcpu-2gb",
            "ssh_keys": [
              "62:e5:87:c9:8d:6c:33:9c:d6:14:fa:42:5b:64:bc:b9"
            ],
            "status": "active",
            "tags": [],
            "urn": "do:droplet:373796421",
            "user_data": null,
            "vcpus": 2,
            "volume_ids": [],
            "vpc_uuid": "0ab7caa5-c80b-4465-8440-4b98773fe09e"
          },
          "sensitive_attributes": [],
          "private": "eyJzY2hlbWFfdmVyc2lvbiI6IjEifQ==",
          "dependencies": [
            "digitalocean_ssh_key.ssh",
            "module.do-wp_stack.digitalocean_vpc.wp_net"
          ]
        }
      ]
    },
    {
      "module": "module.do-wp_stack",
      "mode": "managed",
      "type": "digitalocean_loadbalancer",
      "name": "wp_lb",
      "provider": "provider[\"registry.terraform.io/digitalocean/digitalocean\"]",
      "instances": [
        {
          "schema_version": 1,
          "attributes": {
            "algorithm": "round_robin",
            "droplet_ids": [
              373796420,
              373796421
            ],
            "droplet_tag": "",
            "enable_backend_keepalive": false,
            "enable_proxy_protocol": false,
            "forwarding_rule": [
              {
                "certificate_id": "",
                "certificate_name": "",
                "entry_port": 80,
                "entry_protocol": "http",
                "target_port": 80,
                "target_protocol": "http",
                "tls_passthrough": false
              }
            ],
            "healthcheck": [
              {
                "check_interval_seconds": 10,
                "healthy_threshold": 5,
                "path": "/",
                "port": 80,
                "protocol": "http",
                "response_timeout_seconds": 5,
                "unhealthy_threshold": 3
              }
            ],
            "id": "d794d77f-0917-4629-bb57-75e6f3c5c64a",
            "ip": "165.227.254.74",
            "name": "wp-lb",
            "redirect_http_to_https": false,
            "region": "nyc1",
            "status": "active",
            "sticky_sessions": [
              {
                "cookie_name": "",
                "cookie_ttl_seconds": 0,
                "type": "none"
              }
            ],
            "urn": "do:loadbalancer:d794d77f-0917-4629-bb57-75e6f3c5c64a",
            "vpc_uuid": "0ab7caa5-c80b-4465-8440-4b98773fe09e"
          },
          "sensitive_attributes": [],
          "private": "eyJzY2hlbWFfdmVyc2lvbiI6IjEifQ==",
          "dependencies": [
            "digitalocean_ssh_key.ssh",
            "module.do-wp_stack.digitalocean_droplet.vm_wp",
            "module.do-wp_stack.digitalocean_vpc.wp_net"
          ]
        }
      ]
    },
    {
      "module": "module.do-wp_stack",
      "mode": "managed",
      "type": "digitalocean_vpc",
      "name": "wp_net",
      "provider": "provider[\"registry.terraform.io/digitalocean/digitalocean\"]",
      "instances": [
        {
          "schema_version": 0,
          "attributes": {
            "created_at": "2023-09-08 14:01:15 +0000 UTC",
            "default": false,
            "description": "",
            "id": "0ab7caa5-c80b-4465-8440-4b98773fe09e",
            "ip_range": "10.116.16.0/20",
            "name": "wp-network",
            "region": "nyc1",
            "timeouts": null,
            "urn": "do:vpc:0ab7caa5-c80b-4465-8440-4b98773fe09e"
          },
          "sensitive_attributes": [],
          "private": "eyJlMmJmYjczMC1lY2FhLTExZTYtOGY4OC0zNDM2M2JjN2M0YzAiOnsiZGVsZXRlIjoxMjAwMDAwMDAwMDB9fQ=="
        }
      ]
    }
  ],
  "check_results": null
}
