{
  "version": 4,
  "terraform_version": "1.5.6",
  "serial": 72,
  "lineage": "369550e3-7e1d-2096-969a-cca5c57a41ff",
  "outputs": {},
  "resources": [
    {
      "mode": "data",
      "type": "digitalocean_ssh_key",
      "name": "ssh_key",
      "provider": "provider[\"registry.terraform.io/digitalocean/digitalocean\"]",
      "instances": [
        {
          "schema_version": 0,
          "attributes": {
            "fingerprint": "62:e5:87:c9:8d:6c:33:9c:d6:14:fa:42:5b:64:bc:b9",
            "id": 39260259,
            "name": "WSL Terraform",
            "public_key": "ssh-rsa AAAAB3NzaC1yc2EAAAADAQABAAABgQDUywArgZIALJOF0yXwyZfSmqLPIXP1xvy8CMACxJyuQ6DTks/rdEzis1gsXZK0jD+x6mlT7phB0pdXCVszkgeB2sClkFy2PDyQk92j1ZPYllQoYCQKOzRYSCMm2VL1+oQAnvaVFPFupzVQWzWVdrlT8EU1u9yLiHYxHeSm/Xnk5hWqf3E6W0KscchLyxUsj+i1w2bl+YxWMOhnKRO9y5W66gRRfiP4U6+1kwROBwMqfjHEpSIoQxudljKWTtZ9PdjgnpoE9Bk6qcu3xLPV+SbLB2C/sSz5pRz68egMEqUKLP6EWNjvkpyZPzENAHDkL65trcpqBKdtZY3XqNUcrOM7ma2U+lFta1nTD3b6J/64DVWB63RVZiPkv9UCVZWFhYwdfi4dkDfbiEV5J/IHPIani89UkTKZhoTVjew2r3Z4UIeq0RsV+ZL/1/KCLHCTXihP4SkIUTHskeiVpy+MLLEr6eQJg1M7+KvvwztDDH8SOVJybAcJpE0WdV0UgtXJzUE= cuca@DESKTOP-FR0C9TQ"
          },
          "sensitive_attributes": []
        }
      ]
    },
    {
      "mode": "managed",
      "type": "digitalocean_droplet",
      "name": "vm_aula",
      "provider": "provider[\"registry.terraform.io/digitalocean/digitalocean\"]",
      "instances": [
        {
          "index_key": 0,
          "status": "tainted",
          "schema_version": 1,
          "attributes": {
            "backups": false,
            "created_at": "2023-09-07T13:13:03Z",
            "disk": 10,
            "droplet_agent": null,
            "graceful_shutdown": false,
            "id": "373617579",
            "image": "ubuntu-22-04-x64",
            "ipv4_address": "167.99.1.45",
            "ipv4_address_private": "10.116.0.2",
            "ipv6": false,
            "ipv6_address": "",
            "locked": false,
            "memory": 512,
            "monitoring": false,
            "name": "vm-aula-0",
            "price_hourly": 0.00595,
            "price_monthly": 4,
            "private_networking": true,
            "region": "nyc1",
            "resize_disk": true,
            "size": "s-1vcpu-512mb-10gb",
            "ssh_keys": [
              "39260259"
            ],
            "status": "active",
            "tags": null,
            "timeouts": null,
            "urn": "do:droplet:373617579",
            "user_data": null,
            "vcpus": 1,
            "volume_ids": [],
            "vpc_uuid": "a8209dcc-a717-475f-b705-00b11c10e232"
          },
          "sensitive_attributes": [],
          "private": "eyJlMmJmYjczMC1lY2FhLTExZTYtOGY4OC0zNDM2M2JjN2M0YzAiOnsiY3JlYXRlIjozNjAwMDAwMDAwMDAwLCJkZWxldGUiOjYwMDAwMDAwMDAwLCJ1cGRhdGUiOjM2MDAwMDAwMDAwMDB9LCJzY2hlbWFfdmVyc2lvbiI6IjEifQ==",
          "dependencies": [
            "data.digitalocean_ssh_key.ssh_key"
          ]
        }
      ]
    },
    {
      "mode": "managed",
      "type": "digitalocean_firewall",
      "name": "firewall_aula",
      "provider": "provider[\"registry.terraform.io/digitalocean/digitalocean\"]",
      "instances": []
    }
  ],
  "check_results": null
}
