{
  "version": 4,
  "terraform_version": "1.5.6",
  "serial": 18,
  "lineage": "369550e3-7e1d-2096-969a-cca5c57a41ff",
  "outputs": {
    "droplet_ip": {
      "value": "198.199.123.127",
      "type": "string"
    }
  },
  "resources": [
    {
      "mode": "data",
      "type": "digitalocean_ssh_key",
      "name": "ssh_key",
      "provider": "provider[\"registry.terraform.io/digitalocean/digitalocean\"]",
      "instances": [
        {
          "schema_version": 0,
          "attributes": {
            "fingerprint": "4f:07:84:fe:e0:20:a9:5d:eb:07:4a:7f:43:87:de:84",
            "id": 39260259,
            "name": "WSL Terraform",
            "public_key": "ssh-rsa AAAAB3NzaC1yc2EAAAADAQABAAABAQCSxsy85EODrb1ZKyzbzTph9T7ZyrFU4oUuP4EAQqPSxvE3B59qWjqvfI3+/K0gB00A0rtzvCFr9OwnynKue1Ex0c3NnBHptDm5/FEHaSiKsznEMxyGNjMCEpTwEBPuxLATjeggTk9TCYYOkzjqf1a/PrARMjNZ4/q8fhhFlcs9NCKAWyZP61whEglTDWO9YEgft8XnQJOQyielHutyCCRqGuvYcBRA4Smby9nd/NNVLdSuL1iZptsBPahKNzVNvNsv+yh5vSWqdcsChXSGQdYKTp8PwwMBY2oGPKTyaeCB9S21cgCo2epK759/qPxKoPVIxCrSrhHGkqD2H5puWn2Z cuca@DESKTOP-FR0C9TQ"
          },
          "sensitive_attributes": []
        }
      ]
    },
    {
      "mode": "managed",
      "type": "digitalocean_droplet",
      "name": "vm_aula",
      "provider": "provider[\"registry.terraform.io/digitalocean/digitalocean\"]",
      "instances": [
        {
          "schema_version": 1,
          "attributes": {
            "backups": false,
            "created_at": "2023-09-03T14:40:28Z",
            "disk": 10,
            "droplet_agent": null,
            "graceful_shutdown": false,
            "id": "373026539",
            "image": "ubuntu-22-04-x64",
            "ipv4_address": "198.199.123.127",
            "ipv4_address_private": "10.116.0.2",
            "ipv6": false,
            "ipv6_address": "",
            "locked": false,
            "memory": 512,
            "monitoring": false,
            "name": "este123",
            "price_hourly": 0.00595,
            "price_monthly": 4,
            "private_networking": true,
            "region": "nyc1",
            "resize_disk": true,
            "size": "s-1vcpu-512mb-10gb",
            "ssh_keys": [
              "39260259"
            ],
            "status": "active",
            "tags": [],
            "timeouts": null,
            "urn": "do:droplet:373026539",
            "user_data": null,
            "vcpus": 1,
            "volume_ids": [],
            "vpc_uuid": "a8209dcc-a717-475f-b705-00b11c10e232"
          },
          "sensitive_attributes": [],
          "private": "eyJlMmJmYjczMC1lY2FhLTExZTYtOGY4OC0zNDM2M2JjN2M0YzAiOnsiY3JlYXRlIjozNjAwMDAwMDAwMDAwLCJkZWxldGUiOjYwMDAwMDAwMDAwLCJ1cGRhdGUiOjM2MDAwMDAwMDAwMDB9LCJzY2hlbWFfdmVyc2lvbiI6IjEifQ==",
          "dependencies": [
            "data.digitalocean_ssh_key.ssh_key"
          ]
        }
      ]
    },
    {
      "mode": "managed",
      "type": "digitalocean_firewall",
      "name": "firewall_aula",
      "provider": "provider[\"registry.terraform.io/digitalocean/digitalocean\"]",
      "instances": [
        {
          "schema_version": 0,
          "attributes": {
            "created_at": "2023-09-03T14:41:10Z",
            "droplet_ids": [
              373026539
            ],
            "id": "2c52ba16-5ac5-47e8-adf0-874508a928b3",
            "inbound_rule": [
              {
                "port_range": "",
                "protocol": "icmp",
                "source_addresses": [
                  "0.0.0.0/0",
                  "::/0"
                ],
                "source_droplet_ids": [],
                "source_kubernetes_ids": [],
                "source_load_balancer_uids": [],
                "source_tags": []
              },
              {
                "port_range": "22",
                "protocol": "tcp",
                "source_addresses": [
                  "192.168.1.0/24",
                  "2002:1:2::/48"
                ],
                "source_droplet_ids": [],
                "source_kubernetes_ids": [],
                "source_load_balancer_uids": [],
                "source_tags": []
              },
              {
                "port_range": "443",
                "protocol": "tcp",
                "source_addresses": [
                  "0.0.0.0/0",
                  "::/0"
                ],
                "source_droplet_ids": [],
                "source_kubernetes_ids": [],
                "source_load_balancer_uids": [],
                "source_tags": []
              },
              {
                "port_range": "80",
                "protocol": "tcp",
                "source_addresses": [
                  "0.0.0.0/0",
                  "::/0"
                ],
                "source_droplet_ids": [],
                "source_kubernetes_ids": [],
                "source_load_balancer_uids": [],
                "source_tags": []
              }
            ],
            "name": "only-22-80-and-443",
            "outbound_rule": [],
            "pending_changes": [],
            "status": "succeeded",
            "tags": []
          },
          "sensitive_attributes": [],
          "private": "bnVsbA==",
          "dependencies": [
            "data.digitalocean_ssh_key.ssh_key",
            "digitalocean_droplet.vm_aula"
          ]
        }
      ]
    }
  ],
  "check_results": null
}
